{
    "_readme": [
        "This file locks the dependencies of your project to a known state",
        "Read more about it at https://getcomposer.org/doc/01-basic-usage.md#installing-dependencies",
        "This file is @generated automatically"
    ],
    "content-hash": "d96e8a3a344c4dc78d86a005e677d5b6",
    "packages": [],
    "packages-dev": [
        {
            "name": "automattic/jetpack-autoloader",
            "version": "v3.0.7",
            "source": {
                "type": "git",
                "url": "https://github.com/Automattic/jetpack-autoloader.git",
                "reference": "2a3ab8c22cefdb7a48f1c704696c821d1e9a5ebb"
            },
            "dist": {
                "type": "zip",
                "url": "https://api.github.com/repos/Automattic/jetpack-autoloader/zipball/2a3ab8c22cefdb7a48f1c704696c821d1e9a5ebb",
                "reference": "2a3ab8c22cefdb7a48f1c704696c821d1e9a5ebb",
                "shasum": ""
            },
            "require": {
                "composer-plugin-api": "^1.1 || ^2.0",
                "php": ">=7.0"
            },
            "require-dev": {
                "automattic/jetpack-changelogger": "^4.2.3",
                "composer/composer": "^1.1 || ^2.0",
                "yoast/phpunit-polyfills": "1.1.0"
            },
            "type": "composer-plugin",
            "extra": {
                "autotagger": true,
                "class": "Automattic\\Jetpack\\Autoloader\\CustomAutoloaderPlugin",
                "mirror-repo": "Automattic/jetpack-autoloader",
                "changelogger": {
                    "link-template": "https://github.com/Automattic/jetpack-autoloader/compare/v${old}...v${new}"
                },
                "version-constants": {
                    "::VERSION": "src/AutoloadGenerator.php"
                },
                "branch-alias": {
                    "dev-trunk": "3.0.x-dev"
                }
            },
            "autoload": {
                "psr-4": {
                    "Automattic\\Jetpack\\Autoloader\\": "src"
                },
                "classmap": [
                    "src/AutoloadGenerator.php"
                ]
            },
            "notification-url": "https://packagist.org/downloads/",
            "license": [
                "GPL-2.0-or-later"
            ],
            "description": "Creates a custom autoloader for a plugin or theme.",
            "keywords": [
                "autoload",
                "autoloader",
                "composer",
                "jetpack",
                "plugin",
                "wordpress"
            ],
            "support": {
                "source": "https://github.com/Automattic/jetpack-autoloader/tree/v3.0.7"
            },
            "time": "2024-05-06T17:33:09+00:00"
        },
        {
            "name": "nextgenthemes/wp-shared",
            "version": "2024.05.11.17.45.34",
            "dist": {
                "type": "path",
                "url": "../nextgenthemes/wp-shared",
                "reference": "83e5cc2e5663943e6d7c562560d10465087bed2f"
            },
            "require": {
                "php": ">=7.4"
            },
            "type": "wp-package",
            "autoload": {
                "files": [
                    "includes/WP/load-files.php",
                    "includes/WP/Admin/load-admin-files.php"
                ]
            },
            "scripts": {
                "update-alpine": [
                    "wget https://cdn.jsdelivr.net/npm/alpinejs@3.x.x/dist/cdn.min.js -O ./includes/WP/Admin/alpine.js"
                ]
            },
            "license": [
                "GPL-3.0"
            ],
            "authors": [
                {
                    "name": "Nicolas Jonas"
                }
            ],
            "transport-options": {
                "symlink": false,
                "relative": true
            }
        }
    ],
    "aliases": [],
    "minimum-stability": "stable",
    "stability-flags": {
        "nextgenthemes/wp-shared": 20
    },
    "prefer-stable": false,
    "prefer-lowest": false,
    "platform": {
        "php": ">=7.4"
    },
    "platform-dev": [],
    "platform-overrides": {
        "php": "7.4"
    },
    "plugin-api-version": "2.3.0"
}
